{
  "name": "shared-web-sphinx-example",
  "version": "0.0.0",
  "lockfileVersion": 3,
  "requires": true,
  "packages": {
    "": {
      "name": "shared-web-sphinx-example",
      "version": "0.0.0",
      "hasInstallScript": true,
      "dependencies": {
        "@lizardbyte/shared-web": "file:../.."
      }
    },
    "../..": {
      "name": "@lizardbyte/shared-web",
      "version": "0.0.0",
      "license": "AGPL-3.0-only",
      "dependencies": {
        "@fortawesome/fontawesome-free": "7.2.0",
        "bootstrap": "5.3.8"
      },
      "devDependencies": {
        "@babel/core": "7.29.0",
        "@babel/preset-env": "7.29.5",
        "@codecov/webpack-plugin": "2.0.1",
        "@eslint/js": "10.0.1",
        "@jest/globals": "30.4.1",
        "babel-loader": "10.1.1",
        "clean-jsdoc-theme": "4.3.2",
        "cross-env": "10.1.0",
        "css-loader": "7.1.4",
        "eslint": "10.3.0",
        "eslint-plugin-jest": "29.15.2",
        "globals": "17.6.0",
        "jest": "30.4.2",
        "jest-environment-jsdom": "30.4.1",
        "jest-junit": "17.0.0",
        "jsdoc": "4.0.5",
        "mini-css-extract-plugin": "2.10.2",
        "node-fetch": "3.3.2",
        "npm-run-all2": "8.0.4",
        "postcss": "8.5.14",
        "postcss-loader": "8.2.1",
        "postcss-preset-env": "11.3.0",
        "sass": "1.99.0",
        "sass-loader": "16.0.8",
        "webpack": "5.106.2",
        "webpack-cli": "7.0.2",
        "webpack-dev-server": "5.2.4"
      },
      "funding": {
        "url": "https://app.lizardbyte.dev"
      }
    },
    "node_modules/@lizardbyte/shared-web": {
      "resolved": "../..",
      "link": true
    }
  }
}
